// !$*UTF8*$!
{
	archiveVersion = 1;
	classes = {
	};
	objectVersion = 50;
	objects = {

/* Begin PBXBuildFile section */
		4AC6A94AFCFF7383145F91CA /* libPods-Vlink.a in Frameworks */ = {isa = PBXBuildFile; fileRef = AAE3B422B1F15733C642E173 /* libPods-Vlink.a */; };
		652D9F9521687B22006CBC81 /* GoogleService-Info.plist in Resources */ = {isa = PBXBuildFile; fileRef = 652D9F9421687B22006CBC81 /* GoogleService-Info.plist */; };
		652D9F9821731EDE006CBC81 /* ProfileViewController.m in Sources */ = {isa = PBXBuildFile; fileRef = 652D9F9721731EDE006CBC81 /* ProfileViewController.m */; };
		652D9F9B217323AA006CBC81 /* RegisterViewController.m in Sources */ = {isa = PBXBuildFile; fileRef = 652D9F9A217323AA006CBC81 /* RegisterViewController.m */; };
		652D9F9E21738AE3006CBC81 /* UIColor+PXExtentions.m in Sources */ = {isa = PBXBuildFile; fileRef = 652D9F9D21738AE3006CBC81 /* UIColor+PXExtentions.m */; };
		65FA072A2158BFAC00F9DA87 /* AppDelegate.m in Sources */ = {isa = PBXBuildFile; fileRef = 65FA07292158BFAC00F9DA87 /* AppDelegate.m */; };
		65FA072D2158BFAC00F9DA87 /* AddOpportunityViewController.m in Sources */ = {isa = PBXBuildFile; fileRef = 65FA072C2158BFAC00F9DA87 /* AddOpportunityViewController.m */; };
		65FA07302158BFAC00F9DA87 /* Main.storyboard in Resources */ = {isa = PBXBuildFile; fileRef = 65FA072E2158BFAC00F9DA87 /* Main.storyboard */; };
		65FA07322158BFAE00F9DA87 /* Assets.xcassets in Resources */ = {isa = PBXBuildFile; fileRef = 65FA07312158BFAE00F9DA87 /* Assets.xcassets */; };
		65FA07352158BFAE00F9DA87 /* LaunchScreen.storyboard in Resources */ = {isa = PBXBuildFile; fileRef = 65FA07332158BFAE00F9DA87 /* LaunchScreen.storyboard */; };
		65FA07382158BFAE00F9DA87 /* main.m in Sources */ = {isa = PBXBuildFile; fileRef = 65FA07372158BFAE00F9DA87 /* main.m */; };
		65FA07462158C10C00F9DA87 /* OpportunityViewController.m in Sources */ = {isa = PBXBuildFile; fileRef = 65FA073E2158C10900F9DA87 /* OpportunityViewController.m */; };
		65FA07472158C10C00F9DA87 /* OpportunityDetailViewController.m in Sources */ = {isa = PBXBuildFile; fileRef = 65FA07412158C10A00F9DA87 /* OpportunityDetailViewController.m */; };
		65FA07482158C10C00F9DA87 /* LoginViewController.m in Sources */ = {isa = PBXBuildFile; fileRef = 65FA07422158C10A00F9DA87 /* LoginViewController.m */; };
		65FA07492158C10C00F9DA87 /* OpportunityCellTableViewCell.m in Sources */ = {isa = PBXBuildFile; fileRef = 65FA07452158C10B00F9DA87 /* OpportunityCellTableViewCell.m */; };
/* End PBXBuildFile section */

/* Begin PBXFileReference section */
		652D9F9421687B22006CBC81 /* GoogleService-Info.plist */ = {isa = PBXFileReference; fileEncoding = 4; lastKnownFileType = text.plist.xml; path = "GoogleService-Info.plist"; sourceTree = "<group>"; };
		652D9F9621731EDE006CBC81 /* ProfileViewController.h */ = {isa = PBXFileReference; lastKnownFileType = sourcecode.c.h; path = ProfileViewController.h; sourceTree = "<group>"; };
		652D9F9721731EDE006CBC81 /* ProfileViewController.m */ = {isa = PBXFileReference; lastKnownFileType = sourcecode.c.objc; path = ProfileViewController.m; sourceTree = "<group>"; };
		652D9F99217323AA006CBC81 /* RegisterViewController.h */ = {isa = PBXFileReference; lastKnownFileType = sourcecode.c.h; path = RegisterViewController.h; sourceTree = "<group>"; };
		652D9F9A217323AA006CBC81 /* RegisterViewController.m */ = {isa = PBXFileReference; lastKnownFileType = sourcecode.c.objc; path = RegisterViewController.m; sourceTree = "<group>"; };
		652D9F9C21738AE2006CBC81 /* UIColor+PXExtentions.h */ = {isa = PBXFileReference; fileEncoding = 4; lastKnownFileType = sourcecode.c.h; path = "UIColor+PXExtentions.h"; sourceTree = "<group>"; };
		652D9F9D21738AE3006CBC81 /* UIColor+PXExtentions.m */ = {isa = PBXFileReference; fileEncoding = 4; lastKnownFileType = sourcecode.c.objc; path = "UIColor+PXExtentions.m"; sourceTree = "<group>"; };
		65FA07252158BFAC00F9DA87 /* Vlink.app */ = {isa = PBXFileReference; explicitFileType = wrapper.application; includeInIndex = 0; path = Vlink.app; sourceTree = BUILT_PRODUCTS_DIR; };
		65FA07282158BFAC00F9DA87 /* AppDelegate.h */ = {isa = PBXFileReference; lastKnownFileType = sourcecode.c.h; path = AppDelegate.h; sourceTree = "<group>"; };
		65FA07292158BFAC00F9DA87 /* AppDelegate.m */ = {isa = PBXFileReference; lastKnownFileType = sourcecode.c.objc; path = AppDelegate.m; sourceTree = "<group>"; };
		65FA072B2158BFAC00F9DA87 /* AddOpportunityViewController.h */ = {isa = PBXFileReference; lastKnownFileType = sourcecode.c.h; path = AddOpportunityViewController.h; sourceTree = "<group>"; };
		65FA072C2158BFAC00F9DA87 /* AddOpportunityViewController.m */ = {isa = PBXFileReference; lastKnownFileType = sourcecode.c.objc; path = AddOpportunityViewController.m; sourceTree = "<group>"; };
		65FA072F2158BFAC00F9DA87 /* Base */ = {isa = PBXFileReference; lastKnownFileType = file.storyboard; name = Base; path = Base.lproj/Main.storyboard; sourceTree = "<group>"; };
		65FA07312158BFAE00F9DA87 /* Assets.xcassets */ = {isa = PBXFileReference; lastKnownFileType = folder.assetcatalog; path = Assets.xcassets; sourceTree = "<group>"; };
		65FA07342158BFAE00F9DA87 /* Base */ = {isa = PBXFileReference; lastKnownFileType = file.storyboard; name = Base; path = Base.lproj/LaunchScreen.storyboard; sourceTree = "<group>"; };
		65FA07362158BFAE00F9DA87 /* Info.plist */ = {isa = PBXFileReference; lastKnownFileType = text.plist.xml; path = Info.plist; sourceTree = "<group>"; };
		65FA07372158BFAE00F9DA87 /* main.m */ = {isa = PBXFileReference; lastKnownFileType = sourcecode.c.objc; path = main.m; sourceTree = "<group>"; };
		65FA073E2158C10900F9DA87 /* OpportunityViewController.m */ = {isa = PBXFileReference; fileEncoding = 4; lastKnownFileType = sourcecode.c.objc; path = OpportunityViewController.m; sourceTree = "<group>"; };
		65FA073F2158C10900F9DA87 /* LoginViewController.h */ = {isa = PBXFileReference; fileEncoding = 4; lastKnownFileType = sourcecode.c.h; path = LoginViewController.h; sourceTree = "<group>"; };
		65FA07402158C10900F9DA87 /* OpportunityCellTableViewCell.h */ = {isa = PBXFileReference; fileEncoding = 4; lastKnownFileType = sourcecode.c.h; path = OpportunityCellTableViewCell.h; sourceTree = "<group>"; };
		65FA07412158C10A00F9DA87 /* OpportunityDetailViewController.m */ = {isa = PBXFileReference; fileEncoding = 4; lastKnownFileType = sourcecode.c.objc; path = OpportunityDetailViewController.m; sourceTree = "<group>"; };
		65FA07422158C10A00F9DA87 /* LoginViewController.m */ = {isa = PBXFileReference; fileEncoding = 4; lastKnownFileType = sourcecode.c.objc; path = LoginViewController.m; sourceTree = "<group>"; };
		65FA07432158C10B00F9DA87 /* OpportunityViewController.h */ = {isa = PBXFileReference; fileEncoding = 4; lastKnownFileType = sourcecode.c.h; path = OpportunityViewController.h; sourceTree = "<group>"; };
		65FA07442158C10B00F9DA87 /* OpportunityDetailViewController.h */ = {isa = PBXFileReference; fileEncoding = 4; lastKnownFileType = sourcecode.c.h; path = OpportunityDetailViewController.h; sourceTree = "<group>"; };
		65FA07452158C10B00F9DA87 /* OpportunityCellTableViewCell.m */ = {isa = PBXFileReference; fileEncoding = 4; lastKnownFileType = sourcecode.c.objc; path = OpportunityCellTableViewCell.m; sourceTree = "<group>"; };
		97232D66726D61D1B9A67C0F /* Pods-Vlink.debug.xcconfig */ = {isa = PBXFileReference; includeInIndex = 1; lastKnownFileType = text.xcconfig; name = "Pods-Vlink.debug.xcconfig"; path = "Pods/Target Support Files/Pods-Vlink/Pods-Vlink.debug.xcconfig"; sourceTree = "<group>"; };
		AAE3B422B1F15733C642E173 /* libPods-Vlink.a */ = {isa = PBXFileReference; explicitFileType = archive.ar; includeInIndex = 0; path = "libPods-Vlink.a"; sourceTree = BUILT_PRODUCTS_DIR; };
		EBFDFCAD845CC7E67B965FA2 /* Pods-Vlink.release.xcconfig */ = {isa = PBXFileReference; includeInIndex = 1; lastKnownFileType = text.xcconfig; name = "Pods-Vlink.release.xcconfig"; path = "Pods/Target Support Files/Pods-Vlink/Pods-Vlink.release.xcconfig"; sourceTree = "<group>"; };
/* End PBXFileReference section */

/* Begin PBXFrameworksBuildPhase section */
		65FA07222158BFAC00F9DA87 /* Frameworks */ = {
			isa = PBXFrameworksBuildPhase;
			buildActionMask = 2147483647;
			files = (
				4AC6A94AFCFF7383145F91CA /* libPods-Vlink.a in Frameworks */,
			);
			runOnlyForDeploymentPostprocessing = 0;
		};
/* End PBXFrameworksBuildPhase section */

/* Begin PBXGroup section */
		2E983C4AE0AD76FC61790520 /* Pods */ = {
			isa = PBXGroup;
			children = (
				97232D66726D61D1B9A67C0F /* Pods-Vlink.debug.xcconfig */,
				EBFDFCAD845CC7E67B965FA2 /* Pods-Vlink.release.xcconfig */,
			);
			name = Pods;
			sourceTree = "<group>";
		};
		65FA071C2158BFAC00F9DA87 = {
			isa = PBXGroup;
			children = (
				65FA07272158BFAC00F9DA87 /* Vlink */,
				65FA07262158BFAC00F9DA87 /* Products */,
				2E983C4AE0AD76FC61790520 /* Pods */,
				8BFAAEEDF0194484ECB23264 /* Frameworks */,
			);
			sourceTree = "<group>";
		};
		65FA07262158BFAC00F9DA87 /* Products */ = {
			isa = PBXGroup;
			children = (
				65FA07252158BFAC00F9DA87 /* Vlink.app */,
			);
			name = Products;
			sourceTree = "<group>";
		};
		65FA07272158BFAC00F9DA87 /* Vlink */ = {
			isa = PBXGroup;
			children = (
				65FA073F2158C10900F9DA87 /* LoginViewController.h */,
				65FA07422158C10A00F9DA87 /* LoginViewController.m */,
				65FA07402158C10900F9DA87 /* OpportunityCellTableViewCell.h */,
				65FA07452158C10B00F9DA87 /* OpportunityCellTableViewCell.m */,
				65FA07442158C10B00F9DA87 /* OpportunityDetailViewController.h */,
				65FA07412158C10A00F9DA87 /* OpportunityDetailViewController.m */,
				65FA07432158C10B00F9DA87 /* OpportunityViewController.h */,
				65FA073E2158C10900F9DA87 /* OpportunityViewController.m */,
				65FA07282158BFAC00F9DA87 /* AppDelegate.h */,
				65FA07292158BFAC00F9DA87 /* AppDelegate.m */,
				65FA072B2158BFAC00F9DA87 /* AddOpportunityViewController.h */,
				65FA072C2158BFAC00F9DA87 /* AddOpportunityViewController.m */,
				652D9F9621731EDE006CBC81 /* ProfileViewController.h */,
				652D9F9721731EDE006CBC81 /* ProfileViewController.m */,
				65FA072E2158BFAC00F9DA87 /* Main.storyboard */,
				652D9F99217323AA006CBC81 /* RegisterViewController.h */,
				652D9F9A217323AA006CBC81 /* RegisterViewController.m */,
				65FA07312158BFAE00F9DA87 /* Assets.xcassets */,
				65FA07332158BFAE00F9DA87 /* LaunchScreen.storyboard */,
				65FA07362158BFAE00F9DA87 /* Info.plist */,
				65FA07372158BFAE00F9DA87 /* main.m */,
				652D9F9421687B22006CBC81 /* GoogleService-Info.plist */,
				652D9F9C21738AE2006CBC81 /* UIColor+PXExtentions.h */,
				652D9F9D21738AE3006CBC81 /* UIColor+PXExtentions.m */,
			);
			path = Vlink;
			sourceTree = "<group>";
		};
		8BFAAEEDF0194484ECB23264 /* Frameworks */ = {
			isa = PBXGroup;
			children = (
				AAE3B422B1F15733C642E173 /* libPods-Vlink.a */,
			);
			name = Frameworks;
			sourceTree = "<group>";
		};
/* End PBXGroup section */

/* Begin PBXNativeTarget section */
		65FA07242158BFAC00F9DA87 /* Vlink */ = {
			isa = PBXNativeTarget;
			buildConfigurationList = 65FA073B2158BFAE00F9DA87 /* Build configuration list for PBXNativeTarget "Vlink" */;
			buildPhases = (
				56E6459E773AF3D7C84D2B88 /* [CP] Check Pods Manifest.lock */,
				65FA07212158BFAC00F9DA87 /* Sources */,
				65FA07222158BFAC00F9DA87 /* Frameworks */,
				65FA07232158BFAC00F9DA87 /* Resources */,
			);
			buildRules = (
			);
			dependencies = (
			);
			name = Vlink;
			productName = Vlink;
			productReference = 65FA07252158BFAC00F9DA87 /* Vlink.app */;
			productType = "com.apple.product-type.application";
		};
/* End PBXNativeTarget section */

/* Begin PBXProject section */
		65FA071D2158BFAC00F9DA87 /* Project object */ = {
			isa = PBXProject;
			attributes = {
				LastUpgradeCheck = 1000;
				ORGANIZATIONNAME = "Joy Lee";
				TargetAttributes = {
					65FA07242158BFAC00F9DA87 = {
						CreatedOnToolsVersion = 10.0;
					};
				};
			};
			buildConfigurationList = 65FA07202158BFAC00F9DA87 /* Build configuration list for PBXProject "Vlink" */;
			compatibilityVersion = "Xcode 9.3";
			developmentRegion = en;
			hasScannedForEncodings = 0;
			knownRegions = (
				en,
				Base,
			);
			mainGroup = 65FA071C2158BFAC00F9DA87;
			productRefGroup = 65FA07262158BFAC00F9DA87 /* Products */;
			projectDirPath = "";
			projectRoot = "";
			targets = (
				65FA07242158BFAC00F9DA87 /* Vlink */,
			);
		};
/* End PBXProject section */

/* Begin PBXResourcesBuildPhase section */
		65FA07232158BFAC00F9DA87 /* Resources */ = {
			isa = PBXResourcesBuildPhase;
			buildActionMask = 2147483647;
			files = (
				65FA07352158BFAE00F9DA87 /* LaunchScreen.storyboard in Resources */,
				652D9F9521687B22006CBC81 /* GoogleService-Info.plist in Resources */,
				65FA07322158BFAE00F9DA87 /* Assets.xcassets in Resources */,
				65FA07302158BFAC00F9DA87 /* Main.storyboard in Resources */,
			);
			runOnlyForDeploymentPostprocessing = 0;
		};
/* End PBXResourcesBuildPhase section */

/* Begin PBXShellScriptBuildPhase section */
		56E6459E773AF3D7C84D2B88 /* [CP] Check Pods Manifest.lock */ = {
			isa = PBXShellScriptBuildPhase;
			buildActionMask = 2147483647;
			files = (
			);
			inputPaths = (
				"${PODS_PODFILE_DIR_PATH}/Podfile.lock",
				"${PODS_ROOT}/Manifest.lock",
			);
			name = "[CP] Check Pods Manifest.lock";
			outputPaths = (
				"$(DERIVED_FILE_DIR)/Pods-Vlink-checkManifestLockResult.txt",
			);
			runOnlyForDeploymentPostprocessing = 0;
			shellPath = /bin/sh;
			shellScript = "diff \"${PODS_PODFILE_DIR_PATH}/Podfile.lock\" \"${PODS_ROOT}/Manifest.lock\" > /dev/null\nif [ $? != 0 ] ; then\n    # print error to STDERR\n    echo \"error: The sandbox is not in sync with the Podfile.lock. Run 'pod install' or update your CocoaPods installation.\" >&2\n    exit 1\nfi\n# This output is used by Xcode 'outputs' to avoid re-running this script phase.\necho \"SUCCESS\" > \"${SCRIPT_OUTPUT_FILE_0}\"\n";
			showEnvVarsInLog = 0;
		};
/* End PBXShellScriptBuildPhase section */

/* Begin PBXSourcesBuildPhase section */
		65FA07212158BFAC00F9DA87 /* Sources */ = {
			isa = PBXSourcesBuildPhase;
			buildActionMask = 2147483647;
			files = (
				652D9F9E21738AE3006CBC81 /* UIColor+PXExtentions.m in Sources */,
				65FA07472158C10C00F9DA87 /* OpportunityDetailViewController.m in Sources */,
				65FA07492158C10C00F9DA87 /* OpportunityCellTableViewCell.m in Sources */,
				652D9F9821731EDE006CBC81 /* ProfileViewController.m in Sources */,
				65FA072D2158BFAC00F9DA87 /* AddOpportunityViewController.m in Sources */,
				652D9F9B217323AA006CBC81 /* RegisterViewController.m in Sources */,
				65FA07482158C10C00F9DA87 /* LoginViewController.m in Sources */,
				65FA07382158BFAE00F9DA87 /* main.m in Sources */,
				65FA07462158C10C00F9DA87 /* OpportunityViewController.m in Sources */,
				65FA072A2158BFAC00F9DA87 /* AppDelegate.m in Sources */,
			);
			runOnlyForDeploymentPostprocessing = 0;
		};
/* End PBXSourcesBuildPhase section */

/* Begin PBXVariantGroup section */
		65FA072E2158BFAC00F9DA87 /* Main.storyboard */ = {
			isa = PBXVariantGroup;
			children = (
				65FA072F2158BFAC00F9DA87 /* Base */,
			);
			name = Main.storyboard;
			sourceTree = "<group>";
		};
		65FA07332158BFAE00F9DA87 /* LaunchScreen.storyboard */ = {
			isa = PBXVariantGroup;
			children = (
				65FA07342158BFAE00F9DA87 /* Base */,
			);
			name = LaunchScreen.storyboard;
			sourceTree = "<group>";
		};
/* End PBXVariantGroup section */

/* Begin XCBuildConfiguration section */
		65FA07392158BFAE00F9DA87 /* Debug */ = {
			isa = XCBuildConfiguration;
			buildSettings = {
				ALWAYS_SEARCH_USER_PATHS = NO;
				CLANG_ANALYZER_NONNULL = YES;
				CLANG_ANALYZER_NUMBER_OBJECT_CONVERSION = YES_AGGRESSIVE;
				CLANG_CXX_LANGUAGE_STANDARD = "gnu++14";
				CLANG_CXX_LIBRARY = "libc++";
				CLANG_ENABLE_MODULES = YES;
				CLANG_ENABLE_OBJC_ARC = YES;
				CLANG_ENABLE_OBJC_WEAK = YES;
				CLANG_WARN_BLOCK_CAPTURE_AUTORELEASING = YES;
				CLANG_WARN_BOOL_CONVERSION = YES;
				CLANG_WARN_COMMA = YES;
				CLANG_WARN_CONSTANT_CONVERSION = YES;
				CLANG_WARN_DEPRECATED_OBJC_IMPLEMENTATIONS = YES;
				CLANG_WARN_DIRECT_OBJC_ISA_USAGE = YES_ERROR;
				CLANG_WARN_DOCUMENTATION_COMMENTS = YES;
				CLANG_WARN_EMPTY_BODY = YES;
				CLANG_WARN_ENUM_CONVERSION = YES;
				CLANG_WARN_INFINITE_RECURSION = YES;
				CLANG_WARN_INT_CONVERSION = YES;
				CLANG_WARN_NON_LITERAL_NULL_CONVERSION = YES;
				CLANG_WARN_OBJC_IMPLICIT_RETAIN_SELF = YES;
				CLANG_WARN_OBJC_LITERAL_CONVERSION = YES;
				CLANG_WARN_OBJC_ROOT_CLASS = YES_ERROR;
				CLANG_WARN_RANGE_LOOP_ANALYSIS = YES;
				CLANG_WARN_STRICT_PROTOTYPES = YES;
				CLANG_WARN_SUSPICIOUS_MOVE = YES;
				CLANG_WARN_UNGUARDED_AVAILABILITY = YES_AGGRESSIVE;
				CLANG_WARN_UNREACHABLE_CODE = YES;
				CLANG_WARN__DUPLICATE_METHOD_MATCH = YES;
				CODE_SIGN_IDENTITY = "iPhone Developer";
				COPY_PHASE_STRIP = NO;
				DEBUG_INFORMATION_FORMAT = dwarf;
				ENABLE_STRICT_OBJC_MSGSEND = YES;
				ENABLE_TESTABILITY = YES;
				GCC_C_LANGUAGE_STANDARD = gnu11;
				GCC_DYNAMIC_NO_PIC = NO;
				GCC_NO_COMMON_BLOCKS = YES;
				GCC_OPTIMIZATION_LEVEL = 0;
				GCC_PREPROCESSOR_DEFINITIONS = (
					"DEBUG=1",
					"$(inherited)",
				);
				GCC_WARN_64_TO_32_BIT_CONVERSION = YES;
				GCC_WARN_ABOUT_RETURN_TYPE = YES_ERROR;
				GCC_WARN_UNDECLARED_SELECTOR = YES;
				GCC_WARN_UNINITIALIZED_AUTOS = YES_AGGRESSIVE;
				GCC_WARN_UNUSED_FUNCTION = YES;
				GCC_WARN_UNUSED_VARIABLE = YES;
				IPHONEOS_DEPLOYMENT_TARGET = 12.0;
				MTL_ENABLE_DEBUG_INFO = INCLUDE_SOURCE;
				MTL_FAST_MATH = YES;
				ONLY_ACTIVE_ARCH = YES;
				SDKROOT = iphoneos;
			};
			name = Debug;
		};
		65FA073A2158BFAE00F9DA87 /* Release */ = {
			isa = XCBuildConfiguration;
			buildSettings = {
				ALWAYS_SEARCH_USER_PATHS = NO;
				CLANG_ANALYZER_NONNULL = YES;
				CLANG_ANALYZER_NUMBER_OBJECT_CONVERSION = YES_AGGRESSIVE;
				CLANG_CXX_LANGUAGE_STANDARD = "gnu++14";
				CLANG_CXX_LIBRARY = "libc++";
				CLANG_ENABLE_MODULES = YES;
				CLANG_ENABLE_OBJC_ARC = YES;
				CLANG_ENABLE_OBJC_WEAK = YES;
				CLANG_WARN_BLOCK_CAPTURE_AUTORELEASING = YES;
				CLANG_WARN_BOOL_CONVERSION = YES;
				CLANG_WARN_COMMA = YES;
				CLANG_WARN_CONSTANT_CONVERSION = YES;
				CLANG_WARN_DEPRECATED_OBJC_IMPLEMENTATIONS = YES;
				CLANG_WARN_DIRECT_OBJC_ISA_USAGE = YES_ERROR;
				CLANG_WARN_DOCUMENTATION_COMMENTS = YES;
				CLANG_WARN_EMPTY_BODY = YES;
				CLANG_WARN_ENUM_CONVERSION = YES;
				CLANG_WARN_INFINITE_RECURSION = YES;
				CLANG_WARN_INT_CONVERSION = YES;
				CLANG_WARN_NON_LITERAL_NULL_CONVERSION = YES;
				CLANG_WARN_OBJC_IMPLICIT_RETAIN_SELF = YES;
				CLANG_WARN_OBJC_LITERAL_CONVERSION = YES;
				CLANG_WARN_OBJC_ROOT_CLASS = YES_ERROR;
				CLANG_WARN_RANGE_LOOP_ANALYSIS = YES;
				CLANG_WARN_STRICT_PROTOTYPES = YES;
				CLANG_WARN_SUSPICIOUS_MOVE = YES;
				CLANG_WARN_UNGUARDED_AVAILABILITY = YES_AGGRESSIVE;
				CLANG_WARN_UNREACHABLE_CODE = YES;
				CLANG_WARN__DUPLICATE_METHOD_MATCH = YES;
				CODE_SIGN_IDENTITY = "iPhone Developer";
				COPY_PHASE_STRIP = NO;
				DEBUG_INFORMATION_FORMAT = "dwarf-with-dsym";
				ENABLE_NS_ASSERTIONS = NO;
				ENABLE_STRICT_OBJC_MSGSEND = YES;
				GCC_C_LANGUAGE_STANDARD = gnu11;
				GCC_NO_COMMON_BLOCKS = YES;
				GCC_WARN_64_TO_32_BIT_CONVERSION = YES;
				GCC_WARN_ABOUT_RETURN_TYPE = YES_ERROR;
				GCC_WARN_UNDECLARED_SELECTOR = YES;
				GCC_WARN_UNINITIALIZED_AUTOS = YES_AGGRESSIVE;
				GCC_WARN_UNUSED_FUNCTION = YES;
				GCC_WARN_UNUSED_VARIABLE = YES;
				IPHONEOS_DEPLOYMENT_TARGET = 12.0;
				MTL_ENABLE_DEBUG_INFO = NO;
				MTL_FAST_MATH = YES;
				SDKROOT = iphoneos;
				VALIDATE_PRODUCT = YES;
			};
			name = Release;
		};
		65FA073C2158BFAE00F9DA87 /* Debug */ = {
			isa = XCBuildConfiguration;
			baseConfigurationReference = 97232D66726D61D1B9A67C0F /* Pods-Vlink.debug.xcconfig */;
			buildSettings = {
				ASSETCATALOG_COMPILER_APPICON_NAME = AppIcon;
				CODE_SIGN_STYLE = Automatic;
				DEVELOPMENT_TEAM = 38CZB7R8W3;
				INFOPLIST_FILE = Vlink/Info.plist;
				LD_RUNPATH_SEARCH_PATHS = (
					"$(inherited)",
					"@executable_path/Frameworks",
				);
				PRODUCT_BUNDLE_IDENTIFIER = com.IBMTW.Hack4.Vlink;
				PRODUCT_NAME = "$(TARGET_NAME)";
				TARGETED_DEVICE_FAMILY = "1,2";
			};
			name = Debug;
		};
		65FA073D2158BFAE00F9DA87 /* Release */ = {
			isa = XCBuildConfiguration;
			baseConfigurationReference = EBFDFCAD845CC7E67B965FA2 /* Pods-Vlink.release.xcconfig */;
			buildSettings = {
				ASSETCATALOG_COMPILER_APPICON_NAME = AppIcon;
				CODE_SIGN_STYLE = Automatic;
				DEVELOPMENT_TEAM = 38CZB7R8W3;
				INFOPLIST_FILE = Vlink/Info.plist;
				LD_RUNPATH_SEARCH_PATHS = (
					"$(inherited)",
					"@executable_path/Frameworks",
				);
				PRODUCT_BUNDLE_IDENTIFIER = com.IBMTW.Hack4.Vlink;
				PRODUCT_NAME = "$(TARGET_NAME)";
				TARGETED_DEVICE_FAMILY = "1,2";
			};
			name = Release;
		};
/* End XCBuildConfiguration section */

/* Begin XCConfigurationList section */
		65FA07202158BFAC00F9DA87 /* Build configuration list for PBXProject "Vlink" */ = {
			isa = XCConfigurationList;
			buildConfigurations = (
				65FA07392158BFAE00F9DA87 /* Debug */,
				65FA073A2158BFAE00F9DA87 /* Release */,
			);
			defaultConfigurationIsVisible = 0;
			defaultConfigurationName = Release;
		};
		65FA073B2158BFAE00F9DA87 /* Build configuration list for PBXNativeTarget "Vlink" */ = {
			isa = XCConfigurationList;
			buildConfigurations = (
				65FA073C2158BFAE00F9DA87 /* Debug */,
				65FA073D2158BFAE00F9DA87 /* Release */,
			);
			defaultConfigurationIsVisible = 0;
			defaultConfigurationName = Release;
		};
/* End XCConfigurationList section */
	};
	rootObject = 65FA071D2158BFAC00F9DA87 /* Project object */;
}
